{
  "nodes": {
    "home-manager": {
      "inputs": {
        "nixpkgs": [
          "nixpkgs"
        ]
      },
      "locked": {
        "lastModified": 1790080548,
        "narHash": "sha256-u4sa7RCbwvk8cZmAGs35F7o0h4IqDc3wsrrnjQvMumk=",
        "owner": "nix-community",
        "repo": "home-manager",
        "rev": "cbcbfa2778e0c5653ef349df3ebae8288efac3c0",
        "type": "github"
      },
      "original": {
        "owner": "nix-community",
        "repo": "home-manager",
        "type": "github"
      }
    },
    "nixpkgs": {
      "locked": {
        "lastModified": 1790055231,
        "narHash": "sha256-QpXotokGh5eeMG1Njiuh27oP0rK6t5+cMp7ymXSs7mc=",
        "owner": "NixOS",
        "repo": "nixpkgs",
        "rev": "b6c98e9e6633ee64753b594ff4a5febf0367fc00",
        "type": "github"
      },
      "original": {
        "owner": "NixOS",
        "ref": "nixpkgs-unstable",
        "repo": "nixpkgs",
        "type": "github"
      }
    },
    "root": {
      "inputs": {
        "home-manager": "home-manager",
        "nixpkgs": "nixpkgs",
        "rustup-src": "rustup-src"
      }
    },
    "rustup-src": {
      "flake": false,
      "locked": {
        "lastModified": 1790347018,
        "narHash": "sha256-ryy1AxwBtVslRJbDzEMLo4wuYBzxFxMx0Z2Yoem75g8=",
        "owner": "rust-lang",
        "repo": "rustup",
        "rev": "b32adec5ab613c26d7f35e398c8a54f4a46f585b",
        "type": "github"
      },
      "original": {
        "owner": "rust-lang",
        "repo": "rustup",
        "type": "github"
      }
    }
  },
  "root": "root",
  "version": 7
}
