{
  "nodes": {
    "home-manager": {
      "inputs": {
        "nixpkgs": [
          "nixpkgs"
        ]
      },
      "locked": {
        "lastModified": 1791600313,
        "narHash": "sha256-/2gb2WTztITD/JU1XUCg63vDsIfJGLr0LDsjSCTTJc8=",
        "owner": "nix-community",
        "repo": "home-manager",
        "rev": "427c74a88a93cc9f856c8bb99bf6b4a5187a6b33",
        "type": "github"
      },
      "original": {
        "owner": "nix-community",
        "repo": "home-manager",
        "type": "github"
      }
    },
    "homebrew": {
      "inputs": {
        "nixpkgs": [
          "nixpkgs"
        ]
      },
      "locked": {
        "lastModified": 1791638467,
        "narHash": "sha256-0PVvoT3Ysv+0FVQQgy8N5vLbMiXB8cFyYGlGU6In9v0=",
        "owner": "rami3l",
        "repo": "home-manager-brew",
        "rev": "8966a42bd22fba5c57ff08b1ccddf2424bed93e8",
        "type": "github"
      },
      "original": {
        "owner": "rami3l",
        "ref": "dev",
        "repo": "home-manager-brew",
        "type": "github"
      }
    },
    "nixpkgs": {
      "locked": {
        "lastModified": 1791487292,
        "narHash": "sha256-tqM7xDEsaeK1p6VvRygeZ9LkQRpUUkbRT02BHv6hnTM=",
        "owner": "NixOS",
        "repo": "nixpkgs",
        "rev": "8edc0c72e3a38faf5434e40d1f19431125fe4b30",
        "type": "github"
      },
      "original": {
        "owner": "NixOS",
        "ref": "nixpkgs-unstable",
        "repo": "nixpkgs",
        "type": "github"
      }
    },
    "root": {
      "inputs": {
        "home-manager": "home-manager",
        "homebrew": "homebrew",
        "nixpkgs": "nixpkgs",
        "rustup-src": "rustup-src"
      }
    },
    "rustup-src": {
      "flake": false,
      "locked": {
        "lastModified": 1791569296,
        "narHash": "sha256-wlbkJCa5wMFQsU5ktS/m/SmqwlhBhCvQ9g52NI4AkIc=",
        "owner": "rust-lang",
        "repo": "rustup",
        "rev": "61271d00a979e8fcc13a366d9515f4bf69b88ac2",
        "type": "github"
      },
      "original": {
        "owner": "rust-lang",
        "repo": "rustup",
        "type": "github"
      }
    }
  },
  "root": "root",
  "version": 7
}
